{
  "name": "test",
  "version": "1.0.0",
  "lockfileVersion": 1,
  "requires": true,
  "dependencies": {
    "@favware/querystring": {
      "version": "4.2.0",
      "resolved": "https://registry.npmjs.org/@favware/querystring/-/querystring-4.2.0.tgz",
      "integrity": "sha512-qx0xkStAVnFmydJsWe1nUgZeK5dc5hmEYGct2VQ7KeG/SVRBwCt8Df8tdVYsb2lDY3dju99KXwOtfc0+G/oC6g=="
    },
    "@types/country-data": {
      "version": "0.0.1",
      "resolved": "https://registry.npmjs.org/@types/country-data/-/country-data-0.0.1.tgz",
      "integrity": "sha512-3Qsi6TB9V8PO4d0T5/kZC4RUL9Ricvg+WPAXfnhcFmwGg/lYRlyxi+clhAJq346FdvtBopdhwt33xgIzlYa5sQ=="
    },
    "babel-node": {
      "version": "0.0.1-security",
      "resolved": "https://registry.npmjs.org/babel-node/-/babel-node-0.0.1-security.tgz",
      "integrity": "sha512-zF3D9H2FA2xrP+B/X462G+38aHpmR+33jBF7NowfPuV4CiPEzAR1Typ1RC+qPfe0vCeWeV0FLG2pfVGb0vIfeg=="
    },
    "country-data": {
      "version": "0.0.31",
      "resolved": "https://registry.npmjs.org/country-data/-/country-data-0.0.31.tgz",
      "integrity": "sha1-gJZrjh0Uf6bWpYnTKTP4eTd0lW0=",
      "requires": {
        "currency-symbol-map": "~2",
        "underscore": ">1.4.4"
      }
    },
    "currency-symbol-map": {
      "version": "2.2.0",
      "resolved": "https://registry.npmjs.org/currency-symbol-map/-/currency-symbol-map-2.2.0.tgz",
      "integrity": "sha1-KzwYcv8aws5ZXYJz5Y4f/wJyrqI="
    },
    "fast-xml-parser": {
      "version": "3.16.0",
      "resolved": "https://registry.npmjs.org/fast-xml-parser/-/fast-xml-parser-3.16.0.tgz",
      "integrity": "sha512-U+bpScacfgnfNfIKlWHDu4u6rtOaCyxhblOLJ8sZPkhsjgGqdZmVPBhdOyvdMGCDt8CsAv+cssOP3NzQptNt2w=="
    },
    "nintendo-switch-eshop": {
      "version": "3.0.1",
      "resolved": "https://registry.npmjs.org/nintendo-switch-eshop/-/nintendo-switch-eshop-3.0.1.tgz",
      "integrity": "sha512-RD2bg9xtiv5ss6792Si7ow2daUk91k4LsBLO7ZxLie2FYfbs21YQjkRjH9n9FD+haFeKo/4NcFKOBmIteELb/Q==",
      "requires": {
        "@favware/querystring": "^4.2.0",
        "@types/country-data": "^0.0.1",
        "country-data": "^0.0.31",
        "fast-xml-parser": "^3.16.0",
        "node-fetch": "^2.6.0"
      }
    },
    "node-fetch": {
      "version": "2.6.7",
      "resolved": "https://registry.npmjs.org/node-fetch/-/node-fetch-2.6.7.tgz",
      "integrity": "sha512-ZjMPFEfVx5j+y2yF35Kzx5sF7kDzxuDj6ziH4FFbOp87zKDZNx8yExJIb05OGF4Nlt9IHFIMBkRl41VdvcNdbQ==",
      "requires": {
        "whatwg-url": "^5.0.0"
      }
    },
    "tr46": {
      "version": "0.0.3",
      "resolved": "https://registry.npmjs.org/tr46/-/tr46-0.0.3.tgz",
      "integrity": "sha512-N3WMsuqV66lT30CrXNbEjx4GEwlow3v6rr4mCcv6prnfwhS01rkgyFdjPNBYd9br7LpXV1+Emh01fHnq2Gdgrw=="
    },
    "underscore": {
      "version": "1.9.2",
      "resolved": "https://registry.npmjs.org/underscore/-/underscore-1.9.2.tgz",
      "integrity": "sha512-D39qtimx0c1fI3ya1Lnhk3E9nONswSKhnffBI0gME9C99fYOkNi04xs8K6pePLhvl1frbDemkaBQ5ikWllR2HQ=="
    },
    "webidl-conversions": {
      "version": "3.0.1",
      "resolved": "https://registry.npmjs.org/webidl-conversions/-/webidl-conversions-3.0.1.tgz",
      "integrity": "sha512-2JAn3z8AR6rjK8Sm8orRC0h/bcl/DqL7tRPdGZ4I1CjdF+EaMLmYxBHyXuKL849eucPFhvBoxMsflfOb8kxaeQ=="
    },
    "whatwg-url": {
      "version": "5.0.0",
      "resolved": "https://registry.npmjs.org/whatwg-url/-/whatwg-url-5.0.0.tgz",
      "integrity": "sha512-saE57nupxk6v3HY35+jzBwYa0rKSy0XR8JSxZPwgLr7ys0IBzhGviA1/TUGJLmSVqs8pb9AnvICXEuOHLprYTw==",
      "requires": {
        "tr46": "~0.0.3",
        "webidl-conversions": "^3.0.0"
      }
    }
  }
}
